
Microsoft Visual Studio Solution File, Format Version 12.00
# Visual Studio 15
VisualStudioVersion = 15.0.27130.2027
MinimumVisualStudioVersion = 10.0.40219.1
Project("{FAE04EC0-301F-11D3-BF4B-00C04F79EFBC}") = "TextAnalyzer", "TextAnalyzer\TextAnalyzer.csproj", "{3063FD73-E2E9-4718-8A38-AE5262B46D72}"
EndProject
Project("{FAE04EC0-301F-11D3-BF4B-00C04F79EFBC}") = "TextAnalyzerTests", "TextAnalyzerTests\TextAnalyzerTests.csproj", "{3D7F190B-9765-49FA-9E5A-B6B141C0E330}"
EndProject
Global
	GlobalSection(SolutionConfigurationPlatforms) = preSolution
		Debug|Any CPU = Debug|Any CPU
		Release|Any CPU = Release|Any CPU
	EndGlobalSection
	GlobalSection(ProjectConfigurationPlatforms) = postSolution
		{3063FD73-E2E9-4718-8A38-AE5262B46D72}.Debug|Any CPU.ActiveCfg = Debug|Any CPU
		{3063FD73-E2E9-4718-8A38-AE5262B46D72}.Debug|Any CPU.Build.0 = Debug|Any CPU
		{3063FD73-E2E9-4718-8A38-AE5262B46D72}.Release|Any CPU.ActiveCfg = Release|Any CPU
		{3063FD73-E2E9-4718-8A38-AE5262B46D72}.Release|Any CPU.Build.0 = Release|Any CPU
		{3D7F190B-9765-49FA-9E5A-B6B141C0E330}.Debug|Any CPU.ActiveCfg = Debug|Any CPU
		{3D7F190B-9765-49FA-9E5A-B6B141C0E330}.Debug|Any CPU.Build.0 = Debug|Any CPU
		{3D7F190B-9765-49FA-9E5A-B6B141C0E330}.Release|Any CPU.ActiveCfg = Release|Any CPU
		{3D7F190B-9765-49FA-9E5A-B6B141C0E330}.Release|Any CPU.Build.0 = Release|Any CPU
	EndGlobalSection
	GlobalSection(SolutionProperties) = preSolution
		HideSolutionNode = FALSE
	EndGlobalSection
	GlobalSection(ExtensibilityGlobals) = postSolution
		SolutionGuid = {D7707700-F458-439F-AC93-60786DC34595}
	EndGlobalSection
EndGlobal
